
Microsoft Visual Studio Solution File, Format Version 12.00
# Visual Studio 14
VisualStudioVersion = 14.0.22609.0
MinimumVisualStudioVersion = 10.0.40219.1
Project("{FAE04EC0-301F-11D3-BF4B-00C04F79EFBC}") = "MissileMMO", "MissileMMO\MissileMMO.csproj", "{D7BBC403-8928-4026-97B8-F2F4E4F51EE7}"
EndProject
Global
	GlobalSection(SolutionConfigurationPlatforms) = preSolution
		Debug|Any CPU = Debug|Any CPU
		Release|Any CPU = Release|Any CPU
	EndGlobalSection
	GlobalSection(ProjectConfigurationPlatforms) = postSolution
		{D7BBC403-8928-4026-97B8-F2F4E4F51EE7}.Debug|Any CPU.ActiveCfg = Debug|Any CPU
		{D7BBC403-8928-4026-97B8-F2F4E4F51EE7}.Debug|Any CPU.Build.0 = Debug|Any CPU
		{D7BBC403-8928-4026-97B8-F2F4E4F51EE7}.Release|Any CPU.ActiveCfg = Release|Any CPU
		{D7BBC403-8928-4026-97B8-F2F4E4F51EE7}.Release|Any CPU.Build.0 = Release|Any CPU
	EndGlobalSection
	GlobalSection(SolutionProperties) = preSolution
		HideSolutionNode = FALSE
	EndGlobalSection
EndGlobal
